
Microsoft Visual Studio Solution File, Format Version 12.00
# Visual Studio 15
Project("{FAE04EC0-301F-11D3-BF4B-00C04F79EFBC}") = "UnityEditor.UI", "UnityEditor.UI.csproj", "{6B83E877-1207-1E33-ACA6-B2A122B5A702}"
EndProject
Project("{FAE04EC0-301F-11D3-BF4B-00C04F79EFBC}") = "UnityEngine.UI", "UnityEngine.UI.csproj", "{A30111FA-DFBE-C300-CA8D-566E6AF9622A}"
EndProject
Project("{FAE04EC0-301F-11D3-BF4B-00C04F79EFBC}") = "Assembly-CSharp", "Assembly-CSharp.csproj", "{5B9FF267-005F-A3BF-219E-FEAE2D8C894F}"
EndProject
Project("{FAE04EC0-301F-11D3-BF4B-00C04F79EFBC}") = "Unity.VisualStudio.Editor", "Unity.VisualStudio.Editor.csproj", "{84F04189-1579-3DD3-CC6B-8A843303FF24}"
EndProject
Project("{FAE04EC0-301F-11D3-BF4B-00C04F79EFBC}") = "com.tencent.xlua.Runtime", "com.tencent.xlua.Runtime.csproj", "{D79C57C9-C87B-75F2-1670-AAF7D44F812B}"
EndProject
Project("{FAE04EC0-301F-11D3-BF4B-00C04F79EFBC}") = "com.tencent.xlua.Editor", "com.tencent.xlua.Editor.csproj", "{0951339B-E38C-8333-84CE-26D33A9C5B2B}"
EndProject
Project("{FAE04EC0-301F-11D3-BF4B-00C04F79EFBC}") = "Assembly-CSharp-Editor", "Assembly-CSharp-Editor.csproj", "{6CDB4719-1D28-38FF-BF92-A07FF7EAE25F}"
EndProject
Global
	GlobalSection(SolutionConfigurationPlatforms) = preSolution
		Debug|Any CPU = Debug|Any CPU
		Release|Any CPU = Release|Any CPU
	EndGlobalSection
	GlobalSection(ProjectConfigurationPlatforms) = postSolution
		{6B83E877-1207-1E33-ACA6-B2A122B5A702}.Debug|Any CPU.ActiveCfg = Debug|Any CPU
		{6B83E877-1207-1E33-ACA6-B2A122B5A702}.Debug|Any CPU.Build.0 = Debug|Any CPU
		{6B83E877-1207-1E33-ACA6-B2A122B5A702}.Release|Any CPU.ActiveCfg = Release|Any CPU
		{6B83E877-1207-1E33-ACA6-B2A122B5A702}.Release|Any CPU.Build.0 = Release|Any CPU
		{A30111FA-DFBE-C300-CA8D-566E6AF9622A}.Debug|Any CPU.ActiveCfg = Debug|Any CPU
		{A30111FA-DFBE-C300-CA8D-566E6AF9622A}.Debug|Any CPU.Build.0 = Debug|Any CPU
		{A30111FA-DFBE-C300-CA8D-566E6AF9622A}.Release|Any CPU.ActiveCfg = Release|Any CPU
		{A30111FA-DFBE-C300-CA8D-566E6AF9622A}.Release|Any CPU.Build.0 = Release|Any CPU
		{5B9FF267-005F-A3BF-219E-FEAE2D8C894F}.Debug|Any CPU.ActiveCfg = Debug|Any CPU
		{5B9FF267-005F-A3BF-219E-FEAE2D8C894F}.Debug|Any CPU.Build.0 = Debug|Any CPU
		{5B9FF267-005F-A3BF-219E-FEAE2D8C894F}.Release|Any CPU.ActiveCfg = Release|Any CPU
		{5B9FF267-005F-A3BF-219E-FEAE2D8C894F}.Release|Any CPU.Build.0 = Release|Any CPU
		{84F04189-1579-3DD3-CC6B-8A843303FF24}.Debug|Any CPU.ActiveCfg = Debug|Any CPU
		{84F04189-1579-3DD3-CC6B-8A843303FF24}.Debug|Any CPU.Build.0 = Debug|Any CPU
		{84F04189-1579-3DD3-CC6B-8A843303FF24}.Release|Any CPU.ActiveCfg = Release|Any CPU
		{84F04189-1579-3DD3-CC6B-8A843303FF24}.Release|Any CPU.Build.0 = Release|Any CPU
		{D79C57C9-C87B-75F2-1670-AAF7D44F812B}.Debug|Any CPU.ActiveCfg = Debug|Any CPU
		{D79C57C9-C87B-75F2-1670-AAF7D44F812B}.Debug|Any CPU.Build.0 = Debug|Any CPU
		{D79C57C9-C87B-75F2-1670-AAF7D44F812B}.Release|Any CPU.ActiveCfg = Release|Any CPU
		{D79C57C9-C87B-75F2-1670-AAF7D44F812B}.Release|Any CPU.Build.0 = Release|Any CPU
		{0951339B-E38C-8333-84CE-26D33A9C5B2B}.Debug|Any CPU.ActiveCfg = Debug|Any CPU
		{0951339B-E38C-8333-84CE-26D33A9C5B2B}.Debug|Any CPU.Build.0 = Debug|Any CPU
		{0951339B-E38C-8333-84CE-26D33A9C5B2B}.Release|Any CPU.ActiveCfg = Release|Any CPU
		{0951339B-E38C-8333-84CE-26D33A9C5B2B}.Release|Any CPU.Build.0 = Release|Any CPU
		{6CDB4719-1D28-38FF-BF92-A07FF7EAE25F}.Debug|Any CPU.ActiveCfg = Debug|Any CPU
		{6CDB4719-1D28-38FF-BF92-A07FF7EAE25F}.Debug|Any CPU.Build.0 = Debug|Any CPU
		{6CDB4719-1D28-38FF-BF92-A07FF7EAE25F}.Release|Any CPU.ActiveCfg = Release|Any CPU
		{6CDB4719-1D28-38FF-BF92-A07FF7EAE25F}.Release|Any CPU.Build.0 = Release|Any CPU
	EndGlobalSection
	GlobalSection(SolutionProperties) = preSolution
		HideSolutionNode = FALSE
	EndGlobalSection
EndGlobal
